
Microsoft Visual Studio Solution File, Format Version 11.00
# Visual Studio 2010
Project("{FAE04EC0-301F-11D3-BF4B-00C04F79EFBC}") = "hackmcr2017", "Assembly-CSharp.csproj", "{409524C2-6472-FC95-ADBC-1059353B7DCC}"
EndProject
Global
	GlobalSection(SolutionConfigurationPlatforms) = preSolution
		Debug|Any CPU = Debug|Any CPU
		Release|Any CPU = Release|Any CPU
	EndGlobalSection
	GlobalSection(ProjectConfigurationPlatforms) = postSolution
		{409524C2-6472-FC95-ADBC-1059353B7DCC}.Debug|Any CPU.ActiveCfg = Debug|Any CPU
		{409524C2-6472-FC95-ADBC-1059353B7DCC}.Debug|Any CPU.Build.0 = Debug|Any CPU
		{409524C2-6472-FC95-ADBC-1059353B7DCC}.Release|Any CPU.ActiveCfg = Release|Any CPU
		{409524C2-6472-FC95-ADBC-1059353B7DCC}.Release|Any CPU.Build.0 = Release|Any CPU
	EndGlobalSection
	GlobalSection(SolutionProperties) = preSolution
		HideSolutionNode = FALSE
	EndGlobalSection
	GlobalSection(MonoDevelopProperties) = preSolution
		StartupItem = Assembly-CSharp.csproj
	EndGlobalSection
EndGlobal
