
Microsoft Visual Studio Solution File, Format Version 11.00
# Visual Studio 2010
Project("{FAE04EC0-301F-11D3-BF4B-00C04F79EFBC}") = "Moanymon Go", "Assembly-CSharp.csproj", "{711FC7B4-5ACC-7AC1-18C6-97229B67EFE3}"
EndProject
Global
	GlobalSection(SolutionConfigurationPlatforms) = preSolution
		Debug|Any CPU = Debug|Any CPU
		Release|Any CPU = Release|Any CPU
	EndGlobalSection
	GlobalSection(ProjectConfigurationPlatforms) = postSolution
		{711FC7B4-5ACC-7AC1-18C6-97229B67EFE3}.Debug|Any CPU.ActiveCfg = Debug|Any CPU
		{711FC7B4-5ACC-7AC1-18C6-97229B67EFE3}.Debug|Any CPU.Build.0 = Debug|Any CPU
		{711FC7B4-5ACC-7AC1-18C6-97229B67EFE3}.Release|Any CPU.ActiveCfg = Release|Any CPU
		{711FC7B4-5ACC-7AC1-18C6-97229B67EFE3}.Release|Any CPU.Build.0 = Release|Any CPU
	EndGlobalSection
	GlobalSection(SolutionProperties) = preSolution
		HideSolutionNode = FALSE
	EndGlobalSection
	GlobalSection(MonoDevelopProperties) = preSolution
		StartupItem = Assembly-CSharp.csproj
	EndGlobalSection
EndGlobal
